// !$*UTF8*$!
{
	archiveVersion = 1;
	classes = {
	};
	objectVersion = 46;
	objects = {

/* Begin PBXBuildFile section */
		C77DAA401A85DCCA00DFD536 /* main.m in Sources */ = {isa = PBXBuildFile; fileRef = C77DAA3F1A85DCCA00DFD536 /* main.m */; };
		C77DAA431A85DCCA00DFD536 /* AppDelegate.m in Sources */ = {isa = PBXBuildFile; fileRef = C77DAA421A85DCCA00DFD536 /* AppDelegate.m */; };
		C77DAA461A85DCCA00DFD536 /* Enmrk.xcdatamodeld in Sources */ = {isa = PBXBuildFile; fileRef = C77DAA441A85DCCA00DFD536 /* Enmrk.xcdatamodeld */; };
		C77DAA4E1A85DCCA00DFD536 /* Images.xcassets in Resources */ = {isa = PBXBuildFile; fileRef = C77DAA4D1A85DCCA00DFD536 /* Images.xcassets */; };
		C77DAA511A85DCCA00DFD536 /* LaunchScreen.xib in Resources */ = {isa = PBXBuildFile; fileRef = C77DAA4F1A85DCCA00DFD536 /* LaunchScreen.xib */; };
		C77DAA5D1A85DCCA00DFD536 /* EnmrkTests.m in Sources */ = {isa = PBXBuildFile; fileRef = C77DAA5C1A85DCCA00DFD536 /* EnmrkTests.m */; };
		C77DAA681A85DE0C00DFD536 /* LoginViewController.m in Sources */ = {isa = PBXBuildFile; fileRef = C77DAA671A85DE0C00DFD536 /* LoginViewController.m */; };
		C7E198681A8CB3E0001B5A03 /* AFHTTPRequestOperation.m in Sources */ = {isa = PBXBuildFile; fileRef = C7E198421A8CB3E0001B5A03 /* AFHTTPRequestOperation.m */; };
		C7E198691A8CB3E0001B5A03 /* AFHTTPRequestOperationManager.m in Sources */ = {isa = PBXBuildFile; fileRef = C7E198441A8CB3E0001B5A03 /* AFHTTPRequestOperationManager.m */; };
		C7E1986A1A8CB3E0001B5A03 /* AFHTTPSessionManager.m in Sources */ = {isa = PBXBuildFile; fileRef = C7E198461A8CB3E0001B5A03 /* AFHTTPSessionManager.m */; };
		C7E1986B1A8CB3E0001B5A03 /* AFNetworkReachabilityManager.m in Sources */ = {isa = PBXBuildFile; fileRef = C7E198491A8CB3E0001B5A03 /* AFNetworkReachabilityManager.m */; };
		C7E1986C1A8CB3E0001B5A03 /* AFSecurityPolicy.m in Sources */ = {isa = PBXBuildFile; fileRef = C7E1984B1A8CB3E0001B5A03 /* AFSecurityPolicy.m */; };
		C7E1986D1A8CB3E0001B5A03 /* AFURLConnectionOperation.m in Sources */ = {isa = PBXBuildFile; fileRef = C7E1984D1A8CB3E0001B5A03 /* AFURLConnectionOperation.m */; };
		C7E1986E1A8CB3E0001B5A03 /* AFURLRequestSerialization.m in Sources */ = {isa = PBXBuildFile; fileRef = C7E1984F1A8CB3E0001B5A03 /* AFURLRequestSerialization.m */; };
		C7E1986F1A8CB3E0001B5A03 /* AFURLResponseSerialization.m in Sources */ = {isa = PBXBuildFile; fileRef = C7E198511A8CB3E0001B5A03 /* AFURLResponseSerialization.m */; };
		C7E198701A8CB3E0001B5A03 /* AFURLSessionManager.m in Sources */ = {isa = PBXBuildFile; fileRef = C7E198531A8CB3E0001B5A03 /* AFURLSessionManager.m */; };
		C7E198731A8CB3E0001B5A03 /* AFNetworkActivityIndicatorManager.m in Sources */ = {isa = PBXBuildFile; fileRef = C7E198581A8CB3E0001B5A03 /* AFNetworkActivityIndicatorManager.m */; };
		C7E198741A8CB3E0001B5A03 /* UIActivityIndicatorView+AFNetworking.m in Sources */ = {isa = PBXBuildFile; fileRef = C7E1985A1A8CB3E0001B5A03 /* UIActivityIndicatorView+AFNetworking.m */; };
		C7E198751A8CB3E0001B5A03 /* UIAlertView+AFNetworking.m in Sources */ = {isa = PBXBuildFile; fileRef = C7E1985C1A8CB3E0001B5A03 /* UIAlertView+AFNetworking.m */; };
		C7E198761A8CB3E0001B5A03 /* UIButton+AFNetworking.m in Sources */ = {isa = PBXBuildFile; fileRef = C7E1985E1A8CB3E0001B5A03 /* UIButton+AFNetworking.m */; };
		C7E198771A8CB3E0001B5A03 /* UIImageView+AFNetworking.m in Sources */ = {isa = PBXBuildFile; fileRef = C7E198601A8CB3E0001B5A03 /* UIImageView+AFNetworking.m */; };
		C7E198781A8CB3E0001B5A03 /* UIProgressView+AFNetworking.m in Sources */ = {isa = PBXBuildFile; fileRef = C7E198631A8CB3E0001B5A03 /* UIProgressView+AFNetworking.m */; };
		C7E198791A8CB3E0001B5A03 /* UIRefreshControl+AFNetworking.m in Sources */ = {isa = PBXBuildFile; fileRef = C7E198651A8CB3E0001B5A03 /* UIRefreshControl+AFNetworking.m */; };
		C7E1987A1A8CB3E0001B5A03 /* UIWebView+AFNetworking.m in Sources */ = {isa = PBXBuildFile; fileRef = C7E198671A8CB3E0001B5A03 /* UIWebView+AFNetworking.m */; };
		C7E1987E1A8D166D001B5A03 /* DescriptionViewController.m in Sources */ = {isa = PBXBuildFile; fileRef = C7E1987D1A8D166D001B5A03 /* DescriptionViewController.m */; };
		C7E198801A8D3727001B5A03 /* Main.storyboard in Resources */ = {isa = PBXBuildFile; fileRef = C7E1987F1A8D3727001B5A03 /* Main.storyboard */; };
		C7E198891A8DE53A001B5A03 /* NSString+MD5.m in Sources */ = {isa = PBXBuildFile; fileRef = C7E198881A8DE53A001B5A03 /* NSString+MD5.m */; };
		C7E198AC1A8E24DE001B5A03 /* AESCrypt.m in Sources */ = {isa = PBXBuildFile; fileRef = C7E198A21A8E24DE001B5A03 /* AESCrypt.m */; };
		C7E198AE1A8E24DE001B5A03 /* NSData+Base64.m in Sources */ = {isa = PBXBuildFile; fileRef = C7E198A51A8E24DE001B5A03 /* NSData+Base64.m */; };
		C7E198AF1A8E24DE001B5A03 /* NSData+CommonCrypto.m in Sources */ = {isa = PBXBuildFile; fileRef = C7E198A71A8E24DE001B5A03 /* NSData+CommonCrypto.m */; };
		C7E198B01A8E24DE001B5A03 /* NSString+Base64.m in Sources */ = {isa = PBXBuildFile; fileRef = C7E198A91A8E24DE001B5A03 /* NSString+Base64.m */; };
		C7FB91001A85E65C0040CC76 /* MainTableViewController.m in Sources */ = {isa = PBXBuildFile; fileRef = C7FB90FF1A85E65C0040CC76 /* MainTableViewController.m */; };
		C7FB91031A85E83F0040CC76 /* ENTransformator.m in Sources */ = {isa = PBXBuildFile; fileRef = C7FB91021A85E83F0040CC76 /* ENTransformator.m */; };
		C7FB91061A85EE010040CC76 /* DetailViewController.m in Sources */ = {isa = PBXBuildFile; fileRef = C7FB91051A85EE010040CC76 /* DetailViewController.m */; };
		C7FB91091A8697310040CC76 /* AddViewController.m in Sources */ = {isa = PBXBuildFile; fileRef = C7FB91081A8697310040CC76 /* AddViewController.m */; };
		C7FB91121A86BAB20040CC76 /* SelectTableViewController.m in Sources */ = {isa = PBXBuildFile; fileRef = C7FB91111A86BAB10040CC76 /* SelectTableViewController.m */; };
/* End PBXBuildFile section */

/* Begin PBXContainerItemProxy section */
		C77DAA571A85DCCA00DFD536 /* PBXContainerItemProxy */ = {
			isa = PBXContainerItemProxy;
			containerPortal = C77DAA321A85DCCA00DFD536 /* Project object */;
			proxyType = 1;
			remoteGlobalIDString = C77DAA391A85DCCA00DFD536;
			remoteInfo = Enmrk;
		};
/* End PBXContainerItemProxy section */

/* Begin PBXFileReference section */
		C77DAA3A1A85DCCA00DFD536 /* Enmrk.app */ = {isa = PBXFileReference; explicitFileType = wrapper.application; includeInIndex = 0; path = Enmrk.app; sourceTree = BUILT_PRODUCTS_DIR; };
		C77DAA3E1A85DCCA00DFD536 /* Info.plist */ = {isa = PBXFileReference; lastKnownFileType = text.plist.xml; path = Info.plist; sourceTree = "<group>"; };
		C77DAA3F1A85DCCA00DFD536 /* main.m */ = {isa = PBXFileReference; lastKnownFileType = sourcecode.c.objc; path = main.m; sourceTree = "<group>"; };
		C77DAA411A85DCCA00DFD536 /* AppDelegate.h */ = {isa = PBXFileReference; lastKnownFileType = sourcecode.c.h; path = AppDelegate.h; sourceTree = "<group>"; };
		C77DAA421A85DCCA00DFD536 /* AppDelegate.m */ = {isa = PBXFileReference; lastKnownFileType = sourcecode.c.objc; path = AppDelegate.m; sourceTree = "<group>"; };
		C77DAA451A85DCCA00DFD536 /* Enmrk.xcdatamodel */ = {isa = PBXFileReference; lastKnownFileType = wrapper.xcdatamodel; path = Enmrk.xcdatamodel; sourceTree = "<group>"; };
		C77DAA4D1A85DCCA00DFD536 /* Images.xcassets */ = {isa = PBXFileReference; lastKnownFileType = folder.assetcatalog; path = Images.xcassets; sourceTree = "<group>"; };
		C77DAA501A85DCCA00DFD536 /* Base */ = {isa = PBXFileReference; lastKnownFileType = file.xib; name = Base; path = Base.lproj/LaunchScreen.xib; sourceTree = "<group>"; };
		C77DAA561A85DCCA00DFD536 /* EnmrkTests.xctest */ = {isa = PBXFileReference; explicitFileType = wrapper.cfbundle; includeInIndex = 0; path = EnmrkTests.xctest; sourceTree = BUILT_PRODUCTS_DIR; };
		C77DAA5B1A85DCCA00DFD536 /* Info.plist */ = {isa = PBXFileReference; lastKnownFileType = text.plist.xml; path = Info.plist; sourceTree = "<group>"; };
		C77DAA5C1A85DCCA00DFD536 /* EnmrkTests.m */ = {isa = PBXFileReference; lastKnownFileType = sourcecode.c.objc; path = EnmrkTests.m; sourceTree = "<group>"; };
		C77DAA661A85DE0C00DFD536 /* LoginViewController.h */ = {isa = PBXFileReference; fileEncoding = 4; lastKnownFileType = sourcecode.c.h; path = LoginViewController.h; sourceTree = "<group>"; };
		C77DAA671A85DE0C00DFD536 /* LoginViewController.m */ = {isa = PBXFileReference; fileEncoding = 4; lastKnownFileType = sourcecode.c.objc; path = LoginViewController.m; sourceTree = "<group>"; };
		C7E198411A8CB3E0001B5A03 /* AFHTTPRequestOperation.h */ = {isa = PBXFileReference; fileEncoding = 4; lastKnownFileType = sourcecode.c.h; path = AFHTTPRequestOperation.h; sourceTree = "<group>"; };
		C7E198421A8CB3E0001B5A03 /* AFHTTPRequestOperation.m */ = {isa = PBXFileReference; fileEncoding = 4; lastKnownFileType = sourcecode.c.objc; path = AFHTTPRequestOperation.m; sourceTree = "<group>"; };
		C7E198431A8CB3E0001B5A03 /* AFHTTPRequestOperationManager.h */ = {isa = PBXFileReference; fileEncoding = 4; lastKnownFileType = sourcecode.c.h; path = AFHTTPRequestOperationManager.h; sourceTree = "<group>"; };
		C7E198441A8CB3E0001B5A03 /* AFHTTPRequestOperationManager.m */ = {isa = PBXFileReference; fileEncoding = 4; lastKnownFileType = sourcecode.c.objc; path = AFHTTPRequestOperationManager.m; sourceTree = "<group>"; };
		C7E198451A8CB3E0001B5A03 /* AFHTTPSessionManager.h */ = {isa = PBXFileReference; fileEncoding = 4; lastKnownFileType = sourcecode.c.h; path = AFHTTPSessionManager.h; sourceTree = "<group>"; };
		C7E198461A8CB3E0001B5A03 /* AFHTTPSessionManager.m */ = {isa = PBXFileReference; fileEncoding = 4; lastKnownFileType = sourcecode.c.objc; path = AFHTTPSessionManager.m; sourceTree = "<group>"; };
		C7E198471A8CB3E0001B5A03 /* AFNetworking.h */ = {isa = PBXFileReference; fileEncoding = 4; lastKnownFileType = sourcecode.c.h; path = AFNetworking.h; sourceTree = "<group>"; };
		C7E198481A8CB3E0001B5A03 /* AFNetworkReachabilityManager.h */ = {isa = PBXFileReference; fileEncoding = 4; lastKnownFileType = sourcecode.c.h; path = AFNetworkReachabilityManager.h; sourceTree = "<group>"; };
		C7E198491A8CB3E0001B5A03 /* AFNetworkReachabilityManager.m */ = {isa = PBXFileReference; fileEncoding = 4; lastKnownFileType = sourcecode.c.objc; path = AFNetworkReachabilityManager.m; sourceTree = "<group>"; };
		C7E1984A1A8CB3E0001B5A03 /* AFSecurityPolicy.h */ = {isa = PBXFileReference; fileEncoding = 4; lastKnownFileType = sourcecode.c.h; path = AFSecurityPolicy.h; sourceTree = "<group>"; };
		C7E1984B1A8CB3E0001B5A03 /* AFSecurityPolicy.m */ = {isa = PBXFileReference; fileEncoding = 4; lastKnownFileType = sourcecode.c.objc; path = AFSecurityPolicy.m; sourceTree = "<group>"; };
		C7E1984C1A8CB3E0001B5A03 /* AFURLConnectionOperation.h */ = {isa = PBXFileReference; fileEncoding = 4; lastKnownFileType = sourcecode.c.h; path = AFURLConnectionOperation.h; sourceTree = "<group>"; };
		C7E1984D1A8CB3E0001B5A03 /* AFURLConnectionOperation.m */ = {isa = PBXFileReference; fileEncoding = 4; lastKnownFileType = sourcecode.c.objc; path = AFURLConnectionOperation.m; sourceTree = "<group>"; };
		C7E1984E1A8CB3E0001B5A03 /* AFURLRequestSerialization.h */ = {isa = PBXFileReference; fileEncoding = 4; lastKnownFileType = sourcecode.c.h; path = AFURLRequestSerialization.h; sourceTree = "<group>"; };
		C7E1984F1A8CB3E0001B5A03 /* AFURLRequestSerialization.m */ = {isa = PBXFileReference; fileEncoding = 4; lastKnownFileType = sourcecode.c.objc; path = AFURLRequestSerialization.m; sourceTree = "<group>"; };
		C7E198501A8CB3E0001B5A03 /* AFURLResponseSerialization.h */ = {isa = PBXFileReference; fileEncoding = 4; lastKnownFileType = sourcecode.c.h; path = AFURLResponseSerialization.h; sourceTree = "<group>"; };
		C7E198511A8CB3E0001B5A03 /* AFURLResponseSerialization.m */ = {isa = PBXFileReference; fileEncoding = 4; lastKnownFileType = sourcecode.c.objc; path = AFURLResponseSerialization.m; sourceTree = "<group>"; };
		C7E198521A8CB3E0001B5A03 /* AFURLSessionManager.h */ = {isa = PBXFileReference; fileEncoding = 4; lastKnownFileType = sourcecode.c.h; path = AFURLSessionManager.h; sourceTree = "<group>"; };
		C7E198531A8CB3E0001B5A03 /* AFURLSessionManager.m */ = {isa = PBXFileReference; fileEncoding = 4; lastKnownFileType = sourcecode.c.objc; path = AFURLSessionManager.m; sourceTree = "<group>"; };
		C7E198571A8CB3E0001B5A03 /* AFNetworkActivityIndicatorManager.h */ = {isa = PBXFileReference; fileEncoding = 4; lastKnownFileType = sourcecode.c.h; path = AFNetworkActivityIndicatorManager.h; sourceTree = "<group>"; };
		C7E198581A8CB3E0001B5A03 /* AFNetworkActivityIndicatorManager.m */ = {isa = PBXFileReference; fileEncoding = 4; lastKnownFileType = sourcecode.c.objc; path = AFNetworkActivityIndicatorManager.m; sourceTree = "<group>"; };
		C7E198591A8CB3E0001B5A03 /* UIActivityIndicatorView+AFNetworking.h */ = {isa = PBXFileReference; fileEncoding = 4; lastKnownFileType = sourcecode.c.h; path = "UIActivityIndicatorView+AFNetworking.h"; sourceTree = "<group>"; };
		C7E1985A1A8CB3E0001B5A03 /* UIActivityIndicatorView+AFNetworking.m */ = {isa = PBXFileReference; fileEncoding = 4; lastKnownFileType = sourcecode.c.objc; path = "UIActivityIndicatorView+AFNetworking.m"; sourceTree = "<group>"; };
		C7E1985B1A8CB3E0001B5A03 /* UIAlertView+AFNetworking.h */ = {isa = PBXFileReference; fileEncoding = 4; lastKnownFileType = sourcecode.c.h; path = "UIAlertView+AFNetworking.h"; sourceTree = "<group>"; };
		C7E1985C1A8CB3E0001B5A03 /* UIAlertView+AFNetworking.m */ = {isa = PBXFileReference; fileEncoding = 4; lastKnownFileType = sourcecode.c.objc; path = "UIAlertView+AFNetworking.m"; sourceTree = "<group>"; };
		C7E1985D1A8CB3E0001B5A03 /* UIButton+AFNetworking.h */ = {isa = PBXFileReference; fileEncoding = 4; lastKnownFileType = sourcecode.c.h; path = "UIButton+AFNetworking.h"; sourceTree = "<group>"; };
		C7E1985E1A8CB3E0001B5A03 /* UIButton+AFNetworking.m */ = {isa = PBXFileReference; fileEncoding = 4; lastKnownFileType = sourcecode.c.objc; path = "UIButton+AFNetworking.m"; sourceTree = "<group>"; };
		C7E1985F1A8CB3E0001B5A03 /* UIImageView+AFNetworking.h */ = {isa = PBXFileReference; fileEncoding = 4; lastKnownFileType = sourcecode.c.h; path = "UIImageView+AFNetworking.h"; sourceTree = "<group>"; };
		C7E198601A8CB3E0001B5A03 /* UIImageView+AFNetworking.m */ = {isa = PBXFileReference; fileEncoding = 4; lastKnownFileType = sourcecode.c.objc; path = "UIImageView+AFNetworking.m"; sourceTree = "<group>"; };
		C7E198611A8CB3E0001B5A03 /* UIKit+AFNetworking.h */ = {isa = PBXFileReference; fileEncoding = 4; lastKnownFileType = sourcecode.c.h; path = "UIKit+AFNetworking.h"; sourceTree = "<group>"; };
		C7E198621A8CB3E0001B5A03 /* UIProgressView+AFNetworking.h */ = {isa = PBXFileReference; fileEncoding = 4; lastKnownFileType = sourcecode.c.h; path = "UIProgressView+AFNetworking.h"; sourceTree = "<group>"; };
		C7E198631A8CB3E0001B5A03 /* UIProgressView+AFNetworking.m */ = {isa = PBXFileReference; fileEncoding = 4; lastKnownFileType = sourcecode.c.objc; path = "UIProgressView+AFNetworking.m"; sourceTree = "<group>"; };
		C7E198641A8CB3E0001B5A03 /* UIRefreshControl+AFNetworking.h */ = {isa = PBXFileReference; fileEncoding = 4; lastKnownFileType = sourcecode.c.h; path = "UIRefreshControl+AFNetworking.h"; sourceTree = "<group>"; };
		C7E198651A8CB3E0001B5A03 /* UIRefreshControl+AFNetworking.m */ = {isa = PBXFileReference; fileEncoding = 4; lastKnownFileType = sourcecode.c.objc; path = "UIRefreshControl+AFNetworking.m"; sourceTree = "<group>"; };
		C7E198661A8CB3E0001B5A03 /* UIWebView+AFNetworking.h */ = {isa = PBXFileReference; fileEncoding = 4; lastKnownFileType = sourcecode.c.h; path = "UIWebView+AFNetworking.h"; sourceTree = "<group>"; };
		C7E198671A8CB3E0001B5A03 /* UIWebView+AFNetworking.m */ = {isa = PBXFileReference; fileEncoding = 4; lastKnownFileType = sourcecode.c.objc; path = "UIWebView+AFNetworking.m"; sourceTree = "<group>"; };
		C7E1987C1A8D166D001B5A03 /* DescriptionViewController.h */ = {isa = PBXFileReference; fileEncoding = 4; lastKnownFileType = sourcecode.c.h; path = DescriptionViewController.h; sourceTree = "<group>"; };
		C7E1987D1A8D166D001B5A03 /* DescriptionViewController.m */ = {isa = PBXFileReference; fileEncoding = 4; lastKnownFileType = sourcecode.c.objc; path = DescriptionViewController.m; sourceTree = "<group>"; };
		C7E1987F1A8D3727001B5A03 /* Main.storyboard */ = {isa = PBXFileReference; fileEncoding = 4; lastKnownFileType = file.storyboard; path = Main.storyboard; sourceTree = "<group>"; };
		C7E198871A8DE53A001B5A03 /* NSString+MD5.h */ = {isa = PBXFileReference; fileEncoding = 4; lastKnownFileType = sourcecode.c.h; path = "NSString+MD5.h"; sourceTree = "<group>"; };
		C7E198881A8DE53A001B5A03 /* NSString+MD5.m */ = {isa = PBXFileReference; fileEncoding = 4; lastKnownFileType = sourcecode.c.objc; path = "NSString+MD5.m"; sourceTree = "<group>"; };
		C7E198A11A8E24DE001B5A03 /* AESCrypt.h */ = {isa = PBXFileReference; fileEncoding = 4; lastKnownFileType = sourcecode.c.h; path = AESCrypt.h; sourceTree = "<group>"; };
		C7E198A21A8E24DE001B5A03 /* AESCrypt.m */ = {isa = PBXFileReference; fileEncoding = 4; lastKnownFileType = sourcecode.c.objc; path = AESCrypt.m; sourceTree = "<group>"; };
		C7E198A41A8E24DE001B5A03 /* NSData+Base64.h */ = {isa = PBXFileReference; fileEncoding = 4; lastKnownFileType = sourcecode.c.h; path = "NSData+Base64.h"; sourceTree = "<group>"; };
		C7E198A51A8E24DE001B5A03 /* NSData+Base64.m */ = {isa = PBXFileReference; fileEncoding = 4; lastKnownFileType = sourcecode.c.objc; path = "NSData+Base64.m"; sourceTree = "<group>"; };
		C7E198A61A8E24DE001B5A03 /* NSData+CommonCrypto.h */ = {isa = PBXFileReference; fileEncoding = 4; lastKnownFileType = sourcecode.c.h; path = "NSData+CommonCrypto.h"; sourceTree = "<group>"; };
		C7E198A71A8E24DE001B5A03 /* NSData+CommonCrypto.m */ = {isa = PBXFileReference; fileEncoding = 4; lastKnownFileType = sourcecode.c.objc; path = "NSData+CommonCrypto.m"; sourceTree = "<group>"; };
		C7E198A81A8E24DE001B5A03 /* NSString+Base64.h */ = {isa = PBXFileReference; fileEncoding = 4; lastKnownFileType = sourcecode.c.h; path = "NSString+Base64.h"; sourceTree = "<group>"; };
		C7E198A91A8E24DE001B5A03 /* NSString+Base64.m */ = {isa = PBXFileReference; fileEncoding = 4; lastKnownFileType = sourcecode.c.objc; path = "NSString+Base64.m"; sourceTree = "<group>"; };
		C7FB90FE1A85E65C0040CC76 /* MainTableViewController.h */ = {isa = PBXFileReference; fileEncoding = 4; lastKnownFileType = sourcecode.c.h; path = MainTableViewController.h; sourceTree = "<group>"; };
		C7FB90FF1A85E65C0040CC76 /* MainTableViewController.m */ = {isa = PBXFileReference; fileEncoding = 4; lastKnownFileType = sourcecode.c.objc; path = MainTableViewController.m; sourceTree = "<group>"; };
		C7FB91011A85E83F0040CC76 /* ENTransformator.h */ = {isa = PBXFileReference; fileEncoding = 4; lastKnownFileType = sourcecode.c.h; path = ENTransformator.h; sourceTree = "<group>"; };
		C7FB91021A85E83F0040CC76 /* ENTransformator.m */ = {isa = PBXFileReference; fileEncoding = 4; lastKnownFileType = sourcecode.c.objc; path = ENTransformator.m; sourceTree = "<group>"; };
		C7FB91041A85EE010040CC76 /* DetailViewController.h */ = {isa = PBXFileReference; fileEncoding = 4; lastKnownFileType = sourcecode.c.h; path = DetailViewController.h; sourceTree = "<group>"; };
		C7FB91051A85EE010040CC76 /* DetailViewController.m */ = {isa = PBXFileReference; fileEncoding = 4; lastKnownFileType = sourcecode.c.objc; path = DetailViewController.m; sourceTree = "<group>"; };
		C7FB91071A8697310040CC76 /* AddViewController.h */ = {isa = PBXFileReference; fileEncoding = 4; lastKnownFileType = sourcecode.c.h; path = AddViewController.h; sourceTree = "<group>"; };
		C7FB91081A8697310040CC76 /* AddViewController.m */ = {isa = PBXFileReference; fileEncoding = 4; lastKnownFileType = sourcecode.c.objc; path = AddViewController.m; sourceTree = "<group>"; };
		C7FB91101A86BAB10040CC76 /* SelectTableViewController.h */ = {isa = PBXFileReference; fileEncoding = 4; lastKnownFileType = sourcecode.c.h; path = SelectTableViewController.h; sourceTree = "<group>"; };
		C7FB91111A86BAB10040CC76 /* SelectTableViewController.m */ = {isa = PBXFileReference; fileEncoding = 4; lastKnownFileType = sourcecode.c.objc; path = SelectTableViewController.m; sourceTree = "<group>"; };
/* End PBXFileReference section */

/* Begin PBXFrameworksBuildPhase section */
		C77DAA371A85DCCA00DFD536 /* Frameworks */ = {
			isa = PBXFrameworksBuildPhase;
			buildActionMask = 2147483647;
			files = (
			);
			runOnlyForDeploymentPostprocessing = 0;
		};
		C77DAA531A85DCCA00DFD536 /* Frameworks */ = {
			isa = PBXFrameworksBuildPhase;
			buildActionMask = 2147483647;
			files = (
			);
			runOnlyForDeploymentPostprocessing = 0;
		};
/* End PBXFrameworksBuildPhase section */

/* Begin PBXGroup section */
		C77DAA311A85DCCA00DFD536 = {
			isa = PBXGroup;
			children = (
				C77DAA3C1A85DCCA00DFD536 /* Enmrk */,
				C77DAA591A85DCCA00DFD536 /* EnmrkTests */,
				C77DAA3B1A85DCCA00DFD536 /* Products */,
			);
			sourceTree = "<group>";
		};
		C77DAA3B1A85DCCA00DFD536 /* Products */ = {
			isa = PBXGroup;
			children = (
				C77DAA3A1A85DCCA00DFD536 /* Enmrk.app */,
				C77DAA561A85DCCA00DFD536 /* EnmrkTests.xctest */,
			);
			name = Products;
			sourceTree = "<group>";
		};
		C77DAA3C1A85DCCA00DFD536 /* Enmrk */ = {
			isa = PBXGroup;
			children = (
				C77DAA411A85DCCA00DFD536 /* AppDelegate.h */,
				C77DAA421A85DCCA00DFD536 /* AppDelegate.m */,
				C7FB91011A85E83F0040CC76 /* ENTransformator.h */,
				C7FB91021A85E83F0040CC76 /* ENTransformator.m */,
				C7E198871A8DE53A001B5A03 /* NSString+MD5.h */,
				C7E198881A8DE53A001B5A03 /* NSString+MD5.m */,
				C77DAA661A85DE0C00DFD536 /* LoginViewController.h */,
				C77DAA671A85DE0C00DFD536 /* LoginViewController.m */,
				C7FB90FE1A85E65C0040CC76 /* MainTableViewController.h */,
				C7FB90FF1A85E65C0040CC76 /* MainTableViewController.m */,
				C7FB91041A85EE010040CC76 /* DetailViewController.h */,
				C7FB91051A85EE010040CC76 /* DetailViewController.m */,
				C7FB91071A8697310040CC76 /* AddViewController.h */,
				C7FB91081A8697310040CC76 /* AddViewController.m */,
				C7FB91101A86BAB10040CC76 /* SelectTableViewController.h */,
				C7FB91111A86BAB10040CC76 /* SelectTableViewController.m */,
				C7E1987F1A8D3727001B5A03 /* Main.storyboard */,
				C7E1987C1A8D166D001B5A03 /* DescriptionViewController.h */,
				C7E1987D1A8D166D001B5A03 /* DescriptionViewController.m */,
				C7E1989F1A8E24DD001B5A03 /* AESCrypt-ObjC-master */,
				C7E1987B1A8CB3EC001B5A03 /* Pods */,
				C77DAA4D1A85DCCA00DFD536 /* Images.xcassets */,
				C77DAA4F1A85DCCA00DFD536 /* LaunchScreen.xib */,
				C77DAA441A85DCCA00DFD536 /* Enmrk.xcdatamodeld */,
				C77DAA3D1A85DCCA00DFD536 /* Supporting Files */,
			);
			path = Enmrk;
			sourceTree = "<group>";
		};
		C77DAA3D1A85DCCA00DFD536 /* Supporting Files */ = {
			isa = PBXGroup;
			children = (
				C77DAA3E1A85DCCA00DFD536 /* Info.plist */,
				C77DAA3F1A85DCCA00DFD536 /* main.m */,
			);
			name = "Supporting Files";
			sourceTree = "<group>";
		};
		C77DAA591A85DCCA00DFD536 /* EnmrkTests */ = {
			isa = PBXGroup;
			children = (
				C77DAA5C1A85DCCA00DFD536 /* EnmrkTests.m */,
				C77DAA5A1A85DCCA00DFD536 /* Supporting Files */,
			);
			path = EnmrkTests;
			sourceTree = "<group>";
		};
		C77DAA5A1A85DCCA00DFD536 /* Supporting Files */ = {
			isa = PBXGroup;
			children = (
				C77DAA5B1A85DCCA00DFD536 /* Info.plist */,
			);
			name = "Supporting Files";
			sourceTree = "<group>";
		};
		C7E198401A8CB3E0001B5A03 /* AFNetworking */ = {
			isa = PBXGroup;
			children = (
				C7E198411A8CB3E0001B5A03 /* AFHTTPRequestOperation.h */,
				C7E198421A8CB3E0001B5A03 /* AFHTTPRequestOperation.m */,
				C7E198431A8CB3E0001B5A03 /* AFHTTPRequestOperationManager.h */,
				C7E198441A8CB3E0001B5A03 /* AFHTTPRequestOperationManager.m */,
				C7E198451A8CB3E0001B5A03 /* AFHTTPSessionManager.h */,
				C7E198461A8CB3E0001B5A03 /* AFHTTPSessionManager.m */,
				C7E198471A8CB3E0001B5A03 /* AFNetworking.h */,
				C7E198481A8CB3E0001B5A03 /* AFNetworkReachabilityManager.h */,
				C7E198491A8CB3E0001B5A03 /* AFNetworkReachabilityManager.m */,
				C7E1984A1A8CB3E0001B5A03 /* AFSecurityPolicy.h */,
				C7E1984B1A8CB3E0001B5A03 /* AFSecurityPolicy.m */,
				C7E1984C1A8CB3E0001B5A03 /* AFURLConnectionOperation.h */,
				C7E1984D1A8CB3E0001B5A03 /* AFURLConnectionOperation.m */,
				C7E1984E1A8CB3E0001B5A03 /* AFURLRequestSerialization.h */,
				C7E1984F1A8CB3E0001B5A03 /* AFURLRequestSerialization.m */,
				C7E198501A8CB3E0001B5A03 /* AFURLResponseSerialization.h */,
				C7E198511A8CB3E0001B5A03 /* AFURLResponseSerialization.m */,
				C7E198521A8CB3E0001B5A03 /* AFURLSessionManager.h */,
				C7E198531A8CB3E0001B5A03 /* AFURLSessionManager.m */,
			);
			name = AFNetworking;
			path = Pods/AFNetworking/AFNetworking;
			sourceTree = "<group>";
		};
		C7E198561A8CB3E0001B5A03 /* UIKit+AFNetworking */ = {
			isa = PBXGroup;
			children = (
				C7E198571A8CB3E0001B5A03 /* AFNetworkActivityIndicatorManager.h */,
				C7E198581A8CB3E0001B5A03 /* AFNetworkActivityIndicatorManager.m */,
				C7E198591A8CB3E0001B5A03 /* UIActivityIndicatorView+AFNetworking.h */,
				C7E1985A1A8CB3E0001B5A03 /* UIActivityIndicatorView+AFNetworking.m */,
				C7E1985B1A8CB3E0001B5A03 /* UIAlertView+AFNetworking.h */,
				C7E1985C1A8CB3E0001B5A03 /* UIAlertView+AFNetworking.m */,
				C7E1985D1A8CB3E0001B5A03 /* UIButton+AFNetworking.h */,
				C7E1985E1A8CB3E0001B5A03 /* UIButton+AFNetworking.m */,
				C7E1985F1A8CB3E0001B5A03 /* UIImageView+AFNetworking.h */,
				C7E198601A8CB3E0001B5A03 /* UIImageView+AFNetworking.m */,
				C7E198611A8CB3E0001B5A03 /* UIKit+AFNetworking.h */,
				C7E198621A8CB3E0001B5A03 /* UIProgressView+AFNetworking.h */,
				C7E198631A8CB3E0001B5A03 /* UIProgressView+AFNetworking.m */,
				C7E198641A8CB3E0001B5A03 /* UIRefreshControl+AFNetworking.h */,
				C7E198651A8CB3E0001B5A03 /* UIRefreshControl+AFNetworking.m */,
				C7E198661A8CB3E0001B5A03 /* UIWebView+AFNetworking.h */,
				C7E198671A8CB3E0001B5A03 /* UIWebView+AFNetworking.m */,
			);
			name = "UIKit+AFNetworking";
			path = "Pods/AFNetworking/UIKit+AFNetworking";
			sourceTree = "<group>";
		};
		C7E1987B1A8CB3EC001B5A03 /* Pods */ = {
			isa = PBXGroup;
			children = (
				C7E198401A8CB3E0001B5A03 /* AFNetworking */,
				C7E198561A8CB3E0001B5A03 /* UIKit+AFNetworking */,
			);
			name = Pods;
			sourceTree = "<group>";
		};
		C7E1989F1A8E24DD001B5A03 /* AESCrypt-ObjC-master */ = {
			isa = PBXGroup;
			children = (
				C7E198A11A8E24DE001B5A03 /* AESCrypt.h */,
				C7E198A21A8E24DE001B5A03 /* AESCrypt.m */,
				C7E198A41A8E24DE001B5A03 /* NSData+Base64.h */,
				C7E198A51A8E24DE001B5A03 /* NSData+Base64.m */,
				C7E198A61A8E24DE001B5A03 /* NSData+CommonCrypto.h */,
				C7E198A71A8E24DE001B5A03 /* NSData+CommonCrypto.m */,
				C7E198A81A8E24DE001B5A03 /* NSString+Base64.h */,
				C7E198A91A8E24DE001B5A03 /* NSString+Base64.m */,
			);
			path = "AESCrypt-ObjC-master";
			sourceTree = "<group>";
		};
/* End PBXGroup section */

/* Begin PBXNativeTarget section */
		C77DAA391A85DCCA00DFD536 /* Enmrk */ = {
			isa = PBXNativeTarget;
			buildConfigurationList = C77DAA601A85DCCA00DFD536 /* Build configuration list for PBXNativeTarget "Enmrk" */;
			buildPhases = (
				C77DAA361A85DCCA00DFD536 /* Sources */,
				C77DAA371A85DCCA00DFD536 /* Frameworks */,
				C77DAA381A85DCCA00DFD536 /* Resources */,
			);
			buildRules = (
			);
			dependencies = (
			);
			name = Enmrk;
			productName = Enmrk;
			productReference = C77DAA3A1A85DCCA00DFD536 /* Enmrk.app */;
			productType = "com.apple.product-type.application";
		};
		C77DAA551A85DCCA00DFD536 /* EnmrkTests */ = {
			isa = PBXNativeTarget;
			buildConfigurationList = C77DAA631A85DCCA00DFD536 /* Build configuration list for PBXNativeTarget "EnmrkTests" */;
			buildPhases = (
				C77DAA521A85DCCA00DFD536 /* Sources */,
				C77DAA531A85DCCA00DFD536 /* Frameworks */,
				C77DAA541A85DCCA00DFD536 /* Resources */,
			);
			buildRules = (
			);
			dependencies = (
				C77DAA581A85DCCA00DFD536 /* PBXTargetDependency */,
			);
			name = EnmrkTests;
			productName = EnmrkTests;
			productReference = C77DAA561A85DCCA00DFD536 /* EnmrkTests.xctest */;
			productType = "com.apple.product-type.bundle.unit-test";
		};
/* End PBXNativeTarget section */

/* Begin PBXProject section */
		C77DAA321A85DCCA00DFD536 /* Project object */ = {
			isa = PBXProject;
			attributes = {
				LastUpgradeCheck = 0610;
				ORGANIZATIONNAME = "Vitaliy Harchenko";
				TargetAttributes = {
					C77DAA391A85DCCA00DFD536 = {
						CreatedOnToolsVersion = 6.1.1;
					};
					C77DAA551A85DCCA00DFD536 = {
						CreatedOnToolsVersion = 6.1.1;
						TestTargetID = C77DAA391A85DCCA00DFD536;
					};
				};
			};
			buildConfigurationList = C77DAA351A85DCCA00DFD536 /* Build configuration list for PBXProject "Enmrk" */;
			compatibilityVersion = "Xcode 3.2";
			developmentRegion = English;
			hasScannedForEncodings = 0;
			knownRegions = (
				en,
				Base,
			);
			mainGroup = C77DAA311A85DCCA00DFD536;
			productRefGroup = C77DAA3B1A85DCCA00DFD536 /* Products */;
			projectDirPath = "";
			projectRoot = "";
			targets = (
				C77DAA391A85DCCA00DFD536 /* Enmrk */,
				C77DAA551A85DCCA00DFD536 /* EnmrkTests */,
			);
		};
/* End PBXProject section */

/* Begin PBXResourcesBuildPhase section */
		C77DAA381A85DCCA00DFD536 /* Resources */ = {
			isa = PBXResourcesBuildPhase;
			buildActionMask = 2147483647;
			files = (
				C7E198801A8D3727001B5A03 /* Main.storyboard in Resources */,
				C77DAA511A85DCCA00DFD536 /* LaunchScreen.xib in Resources */,
				C77DAA4E1A85DCCA00DFD536 /* Images.xcassets in Resources */,
			);
			runOnlyForDeploymentPostprocessing = 0;
		};
		C77DAA541A85DCCA00DFD536 /* Resources */ = {
			isa = PBXResourcesBuildPhase;
			buildActionMask = 2147483647;
			files = (
			);
			runOnlyForDeploymentPostprocessing = 0;
		};
/* End PBXResourcesBuildPhase section */

/* Begin PBXSourcesBuildPhase section */
		C77DAA361A85DCCA00DFD536 /* Sources */ = {
			isa = PBXSourcesBuildPhase;
			buildActionMask = 2147483647;
			files = (
				C7E1986C1A8CB3E0001B5A03 /* AFSecurityPolicy.m in Sources */,
				C77DAA681A85DE0C00DFD536 /* LoginViewController.m in Sources */,
				C7E1986B1A8CB3E0001B5A03 /* AFNetworkReachabilityManager.m in Sources */,
				C77DAA461A85DCCA00DFD536 /* Enmrk.xcdatamodeld in Sources */,
				C7E198781A8CB3E0001B5A03 /* UIProgressView+AFNetworking.m in Sources */,
				C7E198751A8CB3E0001B5A03 /* UIAlertView+AFNetworking.m in Sources */,
				C7E198891A8DE53A001B5A03 /* NSString+MD5.m in Sources */,
				C7E198731A8CB3E0001B5A03 /* AFNetworkActivityIndicatorManager.m in Sources */,
				C7E1986D1A8CB3E0001B5A03 /* AFURLConnectionOperation.m in Sources */,
				C7E1987E1A8D166D001B5A03 /* DescriptionViewController.m in Sources */,
				C7E198761A8CB3E0001B5A03 /* UIButton+AFNetworking.m in Sources */,
				C7E198741A8CB3E0001B5A03 /* UIActivityIndicatorView+AFNetworking.m in Sources */,
				C7E198681A8CB3E0001B5A03 /* AFHTTPRequestOperation.m in Sources */,
				C7E1987A1A8CB3E0001B5A03 /* UIWebView+AFNetworking.m in Sources */,
				C7E198AE1A8E24DE001B5A03 /* NSData+Base64.m in Sources */,
				C7E1986A1A8CB3E0001B5A03 /* AFHTTPSessionManager.m in Sources */,
				C7E1986E1A8CB3E0001B5A03 /* AFURLRequestSerialization.m in Sources */,
				C7E198AF1A8E24DE001B5A03 /* NSData+CommonCrypto.m in Sources */,
				C7FB91121A86BAB20040CC76 /* SelectTableViewController.m in Sources */,
				C7E198701A8CB3E0001B5A03 /* AFURLSessionManager.m in Sources */,
				C77DAA431A85DCCA00DFD536 /* AppDelegate.m in Sources */,
				C7E198691A8CB3E0001B5A03 /* AFHTTPRequestOperationManager.m in Sources */,
				C7FB91001A85E65C0040CC76 /* MainTableViewController.m in Sources */,
				C7E1986F1A8CB3E0001B5A03 /* AFURLResponseSerialization.m in Sources */,
				C7E198AC1A8E24DE001B5A03 /* AESCrypt.m in Sources */,
				C7E198791A8CB3E0001B5A03 /* UIRefreshControl+AFNetworking.m in Sources */,
				C7E198B01A8E24DE001B5A03 /* NSString+Base64.m in Sources */,
				C7E198771A8CB3E0001B5A03 /* UIImageView+AFNetworking.m in Sources */,
				C77DAA401A85DCCA00DFD536 /* main.m in Sources */,
				C7FB91031A85E83F0040CC76 /* ENTransformator.m in Sources */,
				C7FB91091A8697310040CC76 /* AddViewController.m in Sources */,
				C7FB91061A85EE010040CC76 /* DetailViewController.m in Sources */,
			);
			runOnlyForDeploymentPostprocessing = 0;
		};
		C77DAA521A85DCCA00DFD536 /* Sources */ = {
			isa = PBXSourcesBuildPhase;
			buildActionMask = 2147483647;
			files = (
				C77DAA5D1A85DCCA00DFD536 /* EnmrkTests.m in Sources */,
			);
			runOnlyForDeploymentPostprocessing = 0;
		};
/* End PBXSourcesBuildPhase section */

/* Begin PBXTargetDependency section */
		C77DAA581A85DCCA00DFD536 /* PBXTargetDependency */ = {
			isa = PBXTargetDependency;
			target = C77DAA391A85DCCA00DFD536 /* Enmrk */;
			targetProxy = C77DAA571A85DCCA00DFD536 /* PBXContainerItemProxy */;
		};
/* End PBXTargetDependency section */

/* Begin PBXVariantGroup section */
		C77DAA4F1A85DCCA00DFD536 /* LaunchScreen.xib */ = {
			isa = PBXVariantGroup;
			children = (
				C77DAA501A85DCCA00DFD536 /* Base */,
			);
			name = LaunchScreen.xib;
			sourceTree = "<group>";
		};
/* End PBXVariantGroup section */

/* Begin XCBuildConfiguration section */
		C77DAA5E1A85DCCA00DFD536 /* Debug */ = {
			isa = XCBuildConfiguration;
			buildSettings = {
				ALWAYS_SEARCH_USER_PATHS = NO;
				CLANG_CXX_LANGUAGE_STANDARD = "gnu++0x";
				CLANG_CXX_LIBRARY = "libc++";
				CLANG_ENABLE_MODULES = YES;
				CLANG_ENABLE_OBJC_ARC = YES;
				CLANG_WARN_BOOL_CONVERSION = YES;
				CLANG_WARN_CONSTANT_CONVERSION = YES;
				CLANG_WARN_DIRECT_OBJC_ISA_USAGE = YES_ERROR;
				CLANG_WARN_EMPTY_BODY = YES;
				CLANG_WARN_ENUM_CONVERSION = YES;
				CLANG_WARN_INT_CONVERSION = YES;
				CLANG_WARN_OBJC_ROOT_CLASS = YES_ERROR;
				CLANG_WARN_UNREACHABLE_CODE = YES;
				CLANG_WARN__DUPLICATE_METHOD_MATCH = YES;
				"CODE_SIGN_IDENTITY[sdk=iphoneos*]" = "iPhone Developer";
				COPY_PHASE_STRIP = NO;
				ENABLE_STRICT_OBJC_MSGSEND = YES;
				GCC_C_LANGUAGE_STANDARD = gnu99;
				GCC_DYNAMIC_NO_PIC = NO;
				GCC_OPTIMIZATION_LEVEL = 0;
				GCC_PREPROCESSOR_DEFINITIONS = (
					"DEBUG=1",
					"$(inherited)",
				);
				GCC_SYMBOLS_PRIVATE_EXTERN = NO;
				GCC_WARN_64_TO_32_BIT_CONVERSION = YES;
				GCC_WARN_ABOUT_RETURN_TYPE = YES_ERROR;
				GCC_WARN_UNDECLARED_SELECTOR = YES;
				GCC_WARN_UNINITIALIZED_AUTOS = YES_AGGRESSIVE;
				GCC_WARN_UNUSED_FUNCTION = YES;
				GCC_WARN_UNUSED_VARIABLE = YES;
				IPHONEOS_DEPLOYMENT_TARGET = 8.1;
				MTL_ENABLE_DEBUG_INFO = YES;
				ONLY_ACTIVE_ARCH = YES;
				SDKROOT = iphoneos;
				TARGETED_DEVICE_FAMILY = "1,2";
			};
			name = Debug;
		};
		C77DAA5F1A85DCCA00DFD536 /* Release */ = {
			isa = XCBuildConfiguration;
			buildSettings = {
				ALWAYS_SEARCH_USER_PATHS = NO;
				CLANG_CXX_LANGUAGE_STANDARD = "gnu++0x";
				CLANG_CXX_LIBRARY = "libc++";
				CLANG_ENABLE_MODULES = YES;
				CLANG_ENABLE_OBJC_ARC = YES;
				CLANG_WARN_BOOL_CONVERSION = YES;
				CLANG_WARN_CONSTANT_CONVERSION = YES;
				CLANG_WARN_DIRECT_OBJC_ISA_USAGE = YES_ERROR;
				CLANG_WARN_EMPTY_BODY = YES;
				CLANG_WARN_ENUM_CONVERSION = YES;
				CLANG_WARN_INT_CONVERSION = YES;
				CLANG_WARN_OBJC_ROOT_CLASS = YES_ERROR;
				CLANG_WARN_UNREACHABLE_CODE = YES;
				CLANG_WARN__DUPLICATE_METHOD_MATCH = YES;
				"CODE_SIGN_IDENTITY[sdk=iphoneos*]" = "iPhone Developer";
				COPY_PHASE_STRIP = YES;
				ENABLE_NS_ASSERTIONS = NO;
				ENABLE_STRICT_OBJC_MSGSEND = YES;
				GCC_C_LANGUAGE_STANDARD = gnu99;
				GCC_WARN_64_TO_32_BIT_CONVERSION = YES;
				GCC_WARN_ABOUT_RETURN_TYPE = YES_ERROR;
				GCC_WARN_UNDECLARED_SELECTOR = YES;
				GCC_WARN_UNINITIALIZED_AUTOS = YES_AGGRESSIVE;
				GCC_WARN_UNUSED_FUNCTION = YES;
				GCC_WARN_UNUSED_VARIABLE = YES;
				IPHONEOS_DEPLOYMENT_TARGET = 8.1;
				MTL_ENABLE_DEBUG_INFO = NO;
				SDKROOT = iphoneos;
				TARGETED_DEVICE_FAMILY = "1,2";
				VALIDATE_PRODUCT = YES;
			};
			name = Release;
		};
		C77DAA611A85DCCA00DFD536 /* Debug */ = {
			isa = XCBuildConfiguration;
			buildSettings = {
				ASSETCATALOG_COMPILER_APPICON_NAME = AppIcon;
				INFOPLIST_FILE = Enmrk/Info.plist;
				LD_RUNPATH_SEARCH_PATHS = "$(inherited) @executable_path/Frameworks";
				PRODUCT_NAME = "$(TARGET_NAME)";
			};
			name = Debug;
		};
		C77DAA621A85DCCA00DFD536 /* Release */ = {
			isa = XCBuildConfiguration;
			buildSettings = {
				ASSETCATALOG_COMPILER_APPICON_NAME = AppIcon;
				INFOPLIST_FILE = Enmrk/Info.plist;
				LD_RUNPATH_SEARCH_PATHS = "$(inherited) @executable_path/Frameworks";
				PRODUCT_NAME = "$(TARGET_NAME)";
			};
			name = Release;
		};
		C77DAA641A85DCCA00DFD536 /* Debug */ = {
			isa = XCBuildConfiguration;
			buildSettings = {
				BUNDLE_LOADER = "$(TEST_HOST)";
				FRAMEWORK_SEARCH_PATHS = (
					"$(SDKROOT)/Developer/Library/Frameworks",
					"$(inherited)",
				);
				GCC_PREPROCESSOR_DEFINITIONS = (
					"DEBUG=1",
					"$(inherited)",
				);
				INFOPLIST_FILE = EnmrkTests/Info.plist;
				LD_RUNPATH_SEARCH_PATHS = "$(inherited) @executable_path/Frameworks @loader_path/Frameworks";
				PRODUCT_NAME = "$(TARGET_NAME)";
				TEST_HOST = "$(BUILT_PRODUCTS_DIR)/Enmrk.app/Enmrk";
			};
			name = Debug;
		};
		C77DAA651A85DCCA00DFD536 /* Release */ = {
			isa = XCBuildConfiguration;
			buildSettings = {
				BUNDLE_LOADER = "$(TEST_HOST)";
				FRAMEWORK_SEARCH_PATHS = (
					"$(SDKROOT)/Developer/Library/Frameworks",
					"$(inherited)",
				);
				INFOPLIST_FILE = EnmrkTests/Info.plist;
				LD_RUNPATH_SEARCH_PATHS = "$(inherited) @executable_path/Frameworks @loader_path/Frameworks";
				PRODUCT_NAME = "$(TARGET_NAME)";
				TEST_HOST = "$(BUILT_PRODUCTS_DIR)/Enmrk.app/Enmrk";
			};
			name = Release;
		};
/* End XCBuildConfiguration section */

/* Begin XCConfigurationList section */
		C77DAA351A85DCCA00DFD536 /* Build configuration list for PBXProject "Enmrk" */ = {
			isa = XCConfigurationList;
			buildConfigurations = (
				C77DAA5E1A85DCCA00DFD536 /* Debug */,
				C77DAA5F1A85DCCA00DFD536 /* Release */,
			);
			defaultConfigurationIsVisible = 0;
			defaultConfigurationName = Release;
		};
		C77DAA601A85DCCA00DFD536 /* Build configuration list for PBXNativeTarget "Enmrk" */ = {
			isa = XCConfigurationList;
			buildConfigurations = (
				C77DAA611A85DCCA00DFD536 /* Debug */,
				C77DAA621A85DCCA00DFD536 /* Release */,
			);
			defaultConfigurationIsVisible = 0;
			defaultConfigurationName = Release;
		};
		C77DAA631A85DCCA00DFD536 /* Build configuration list for PBXNativeTarget "EnmrkTests" */ = {
			isa = XCConfigurationList;
			buildConfigurations = (
				C77DAA641A85DCCA00DFD536 /* Debug */,
				C77DAA651A85DCCA00DFD536 /* Release */,
			);
			defaultConfigurationIsVisible = 0;
			defaultConfigurationName = Release;
		};
/* End XCConfigurationList section */

/* Begin XCVersionGroup section */
		C77DAA441A85DCCA00DFD536 /* Enmrk.xcdatamodeld */ = {
			isa = XCVersionGroup;
			children = (
				C77DAA451A85DCCA00DFD536 /* Enmrk.xcdatamodel */,
			);
			currentVersion = C77DAA451A85DCCA00DFD536 /* Enmrk.xcdatamodel */;
			path = Enmrk.xcdatamodeld;
			sourceTree = "<group>";
			versionGroupType = wrapper.xcdatamodel;
		};
/* End XCVersionGroup section */
	};
	rootObject = C77DAA321A85DCCA00DFD536 /* Project object */;
}
